// !$*UTF8*$!
{
	archiveVersion = 1;
	classes = {
	};
	objectVersion = 77;
	objects = {

/* Begin PBXBuildFile section */
		3C4112912E6E980F004B5A4F /* FirebaseAuth in Frameworks */ = {isa = PBXBuildFile; productRef = 3C4112902E6E980F004B5A4F /* FirebaseAuth */; };
		3C4112942E6E9C03004B5A4F /* GoogleSignIn in Frameworks */ = {isa = PBXBuildFile; productRef = 3C4112932E6E9C03004B5A4F /* GoogleSignIn */; };
		3C4112962E6E9C03004B5A4F /* GoogleSignInSwift in Frameworks */ = {isa = PBXBuildFile; productRef = 3C4112952E6E9C03004B5A4F /* GoogleSignInSwift */; };
		3C4112982E6E9C25004B5A4F /* GoogleService-Info.plist in Resources */ = {isa = PBXBuildFile; fileRef = 3C4112972E6E9C25004B5A4F /* GoogleService-Info.plist */; };
		3C4112A02E6E9D50004B5A4F /* Crypto in Frameworks */ = {isa = PBXBuildFile; productRef = 3C41129F2E6E9D50004B5A4F /* Crypto */; };
		3C4112A22E6E9D50004B5A4F /* _CryptoExtras in Frameworks */ = {isa = PBXBuildFile; productRef = 3C4112A12E6E9D50004B5A4F /* _CryptoExtras */; };
		3C4112D92E6EAE9D004B5A4F /* Localizable.strings in Resources */ = {isa = PBXBuildFile; fileRef = 3C4112D72E6EAE9D004B5A4F /* Localizable.strings */; };
/* End PBXBuildFile section */

/* Begin PBXFileReference section */
		3C4112972E6E9C25004B5A4F /* GoogleService-Info.plist */ = {isa = PBXFileReference; lastKnownFileType = text.plist.xml; path = "GoogleService-Info.plist"; sourceTree = "<group>"; };
		3C4112D82E6EAE9D004B5A4F /* en */ = {isa = PBXFileReference; lastKnownFileType = text.plist.strings; name = en; path = en.lproj/Localizable.strings; sourceTree = "<group>"; };
		3C57F4C42E6E963400B4A5AF /* Gifts.app */ = {isa = PBXFileReference; explicitFileType = wrapper.application; includeInIndex = 0; path = Gifts.app; sourceTree = BUILT_PRODUCTS_DIR; };
/* End PBXFileReference section */

/* Begin PBXFileSystemSynchronizedBuildFileExceptionSet section */
		3C41130A2E6EB159004B5A4F /* Exceptions for "Gifts" folder in "Gifts" target */ = {
			isa = PBXFileSystemSynchronizedBuildFileExceptionSet;
			membershipExceptions = (
				Info.plist,
			);
			target = 3C57F4C32E6E963300B4A5AF /* Gifts */;
		};
/* End PBXFileSystemSynchronizedBuildFileExceptionSet section */

/* Begin PBXFileSystemSynchronizedRootGroup section */
		3C4112E42E6EB09D004B5A4F /* Fonts */ = {
			isa = PBXFileSystemSynchronizedRootGroup;
			path = Fonts;
			sourceTree = "<group>";
		};
		3C57F4C62E6E963400B4A5AF /* Gifts */ = {
			isa = PBXFileSystemSynchronizedRootGroup;
			exceptions = (
				3C41130A2E6EB159004B5A4F /* Exceptions for "Gifts" folder in "Gifts" target */,
			);
			path = Gifts;
			sourceTree = "<group>";
		};
/* End PBXFileSystemSynchronizedRootGroup section */

/* Begin PBXFrameworksBuildPhase section */
		3C57F4C12E6E963300B4A5AF /* Frameworks */ = {
			isa = PBXFrameworksBuildPhase;
			buildActionMask = 2147483647;
			files = (
				3C4112962E6E9C03004B5A4F /* GoogleSignInSwift in Frameworks */,
				3C4112912E6E980F004B5A4F /* FirebaseAuth in Frameworks */,
				3C4112942E6E9C03004B5A4F /* GoogleSignIn in Frameworks */,
				3C4112A02E6E9D50004B5A4F /* Crypto in Frameworks */,
				3C4112A22E6E9D50004B5A4F /* _CryptoExtras in Frameworks */,
			);
			runOnlyForDeploymentPostprocessing = 0;
		};
/* End PBXFrameworksBuildPhase section */

/* Begin PBXGroup section */
		3C57F4BB2E6E963300B4A5AF = {
			isa = PBXGroup;
			children = (
				3C4112E42E6EB09D004B5A4F /* Fonts */,
				3C4112D72E6EAE9D004B5A4F /* Localizable.strings */,
				3C57F4C62E6E963400B4A5AF /* Gifts */,
				3C57F4C52E6E963400B4A5AF /* Products */,
				3C4112972E6E9C25004B5A4F /* GoogleService-Info.plist */,
			);
			sourceTree = "<group>";
		};
		3C57F4C52E6E963400B4A5AF /* Products */ = {
			isa = PBXGroup;
			children = (
				3C57F4C42E6E963400B4A5AF /* Gifts.app */,
			);
			name = Products;
			sourceTree = "<group>";
		};
/* End PBXGroup section */

/* Begin PBXNativeTarget section */
		3C57F4C32E6E963300B4A5AF /* Gifts */ = {
			isa = PBXNativeTarget;
			buildConfigurationList = 3C57F4D22E6E963600B4A5AF /* Build configuration list for PBXNativeTarget "Gifts" */;
			buildPhases = (
				3C57F4C02E6E963300B4A5AF /* Sources */,
				3C57F4C12E6E963300B4A5AF /* Frameworks */,
				3C57F4C22E6E963300B4A5AF /* Resources */,
			);
			buildRules = (
			);
			dependencies = (
			);
			fileSystemSynchronizedGroups = (
				3C4112E42E6EB09D004B5A4F /* Fonts */,
				3C57F4C62E6E963400B4A5AF /* Gifts */,
			);
			name = Gifts;
			packageProductDependencies = (
				3C4112902E6E980F004B5A4F /* FirebaseAuth */,
				3C4112932E6E9C03004B5A4F /* GoogleSignIn */,
				3C4112952E6E9C03004B5A4F /* GoogleSignInSwift */,
				3C41129F2E6E9D50004B5A4F /* Crypto */,
				3C4112A12E6E9D50004B5A4F /* _CryptoExtras */,
			);
			productName = Gifts;
			productReference = 3C57F4C42E6E963400B4A5AF /* Gifts.app */;
			productType = "com.apple.product-type.application";
		};
/* End PBXNativeTarget section */

/* Begin PBXProject section */
		3C57F4BC2E6E963300B4A5AF /* Project object */ = {
			isa = PBXProject;
			attributes = {
				BuildIndependentTargetsInParallel = 1;
				LastSwiftUpdateCheck = 1600;
				LastUpgradeCheck = 1600;
				TargetAttributes = {
					3C57F4C32E6E963300B4A5AF = {
						CreatedOnToolsVersion = 16.0;
					};
				};
			};
			buildConfigurationList = 3C57F4BF2E6E963300B4A5AF /* Build configuration list for PBXProject "Gifts" */;
			developmentRegion = en;
			hasScannedForEncodings = 0;
			knownRegions = (
				en,
				Base,
			);
			mainGroup = 3C57F4BB2E6E963300B4A5AF;
			minimizedProjectReferenceProxies = 1;
			packageReferences = (
				3C41128F2E6E980F004B5A4F /* XCRemoteSwiftPackageReference "firebase-ios-sdk" */,
				3C4112922E6E9C03004B5A4F /* XCRemoteSwiftPackageReference "GoogleSignIn-iOS" */,
				3C41129E2E6E9D50004B5A4F /* XCRemoteSwiftPackageReference "swift-crypto" */,
			);
			preferredProjectObjectVersion = 77;
			productRefGroup = 3C57F4C52E6E963400B4A5AF /* Products */;
			projectDirPath = "";
			projectRoot = "";
			targets = (
				3C57F4C32E6E963300B4A5AF /* Gifts */,
			);
		};
/* End PBXProject section */

/* Begin PBXResourcesBuildPhase section */
		3C57F4C22E6E963300B4A5AF /* Resources */ = {
			isa = PBXResourcesBuildPhase;
			buildActionMask = 2147483647;
			files = (
				3C4112D92E6EAE9D004B5A4F /* Localizable.strings in Resources */,
				3C4112982E6E9C25004B5A4F /* GoogleService-Info.plist in Resources */,
			);
			runOnlyForDeploymentPostprocessing = 0;
		};
/* End PBXResourcesBuildPhase section */

/* Begin PBXSourcesBuildPhase section */
		3C57F4C02E6E963300B4A5AF /* Sources */ = {
			isa = PBXSourcesBuildPhase;
			buildActionMask = 2147483647;
			files = (
			);
			runOnlyForDeploymentPostprocessing = 0;
		};
/* End PBXSourcesBuildPhase section */

/* Begin PBXVariantGroup section */
		3C4112D72E6EAE9D004B5A4F /* Localizable.strings */ = {
			isa = PBXVariantGroup;
			children = (
				3C4112D82E6EAE9D004B5A4F /* en */,
			);
			name = Localizable.strings;
			sourceTree = "<group>";
		};
/* End PBXVariantGroup section */

/* Begin XCBuildConfiguration section */
		3C57F4D02E6E963600B4A5AF /* Debug */ = {
			isa = XCBuildConfiguration;
			buildSettings = {
				ALWAYS_SEARCH_USER_PATHS = NO;
				ASSETCATALOG_COMPILER_GENERATE_SWIFT_ASSET_SYMBOL_EXTENSIONS = YES;
				CLANG_ANALYZER_NONNULL = YES;
				CLANG_ANALYZER_NUMBER_OBJECT_CONVERSION = YES_AGGRESSIVE;
				CLANG_CXX_LANGUAGE_STANDARD = "gnu++20";
				CLANG_ENABLE_MODULES = YES;
				CLANG_ENABLE_OBJC_ARC = YES;
				CLANG_ENABLE_OBJC_WEAK = YES;
				CLANG_WARN_BLOCK_CAPTURE_AUTORELEASING = YES;
				CLANG_WARN_BOOL_CONVERSION = YES;
				CLANG_WARN_COMMA = YES;
				CLANG_WARN_CONSTANT_CONVERSION = YES;
				CLANG_WARN_DEPRECATED_OBJC_IMPLEMENTATIONS = YES;
				CLANG_WARN_DIRECT_OBJC_ISA_USAGE = YES_ERROR;
				CLANG_WARN_DOCUMENTATION_COMMENTS = YES;
				CLANG_WARN_EMPTY_BODY = YES;
				CLANG_WARN_ENUM_CONVERSION = YES;
				CLANG_WARN_INFINITE_RECURSION = YES;
				CLANG_WARN_INT_CONVERSION = YES;
				CLANG_WARN_NON_LITERAL_NULL_CONVERSION = YES;
				CLANG_WARN_OBJC_IMPLICIT_RETAIN_SELF = YES;
				CLANG_WARN_OBJC_LITERAL_CONVERSION = YES;
				CLANG_WARN_OBJC_ROOT_CLASS = YES_ERROR;
				CLANG_WARN_QUOTED_INCLUDE_IN_FRAMEWORK_HEADER = YES;
				CLANG_WARN_RANGE_LOOP_ANALYSIS = YES;
				CLANG_WARN_STRICT_PROTOTYPES = YES;
				CLANG_WARN_SUSPICIOUS_MOVE = YES;
				CLANG_WARN_UNGUARDED_AVAILABILITY = YES_AGGRESSIVE;
				CLANG_WARN_UNREACHABLE_CODE = YES;
				CLANG_WARN__DUPLICATE_METHOD_MATCH = YES;
				COPY_PHASE_STRIP = NO;
				DEBUG_INFORMATION_FORMAT = dwarf;
				ENABLE_STRICT_OBJC_MSGSEND = YES;
				ENABLE_TESTABILITY = YES;
				ENABLE_USER_SCRIPT_SANDBOXING = YES;
				GCC_C_LANGUAGE_STANDARD = gnu17;
				GCC_DYNAMIC_NO_PIC = NO;
				GCC_NO_COMMON_BLOCKS = YES;
				GCC_OPTIMIZATION_LEVEL = 0;
				GCC_PREPROCESSOR_DEFINITIONS = (
					"DEBUG=1",
					"$(inherited)",
				);
				GCC_WARN_64_TO_32_BIT_CONVERSION = YES;
				GCC_WARN_ABOUT_RETURN_TYPE = YES_ERROR;
				GCC_WARN_UNDECLARED_SELECTOR = YES;
				GCC_WARN_UNINITIALIZED_AUTOS = YES_AGGRESSIVE;
				GCC_WARN_UNUSED_FUNCTION = YES;
				GCC_WARN_UNUSED_VARIABLE = YES;
				IPHONEOS_DEPLOYMENT_TARGET = 18.0;
				LOCALIZATION_PREFERS_STRING_CATALOGS = YES;
				MTL_ENABLE_DEBUG_INFO = INCLUDE_SOURCE;
				MTL_FAST_MATH = YES;
				ONLY_ACTIVE_ARCH = YES;
				SDKROOT = iphoneos;
				SWIFT_ACTIVE_COMPILATION_CONDITIONS = "DEBUG $(inherited)";
				SWIFT_EMIT_LOC_STRINGS = YES;
				SWIFT_OPTIMIZATION_LEVEL = "-Onone";
			};
			name = Debug;
		};
		3C57F4D12E6E963600B4A5AF /* Release */ = {
			isa = XCBuildConfiguration;
			buildSettings = {
				ALWAYS_SEARCH_USER_PATHS = NO;
				ASSETCATALOG_COMPILER_GENERATE_SWIFT_ASSET_SYMBOL_EXTENSIONS = YES;
				CLANG_ANALYZER_NONNULL = YES;
				CLANG_ANALYZER_NUMBER_OBJECT_CONVERSION = YES_AGGRESSIVE;
				CLANG_CXX_LANGUAGE_STANDARD = "gnu++20";
				CLANG_ENABLE_MODULES = YES;
				CLANG_ENABLE_OBJC_ARC = YES;
				CLANG_ENABLE_OBJC_WEAK = YES;
				CLANG_WARN_BLOCK_CAPTURE_AUTORELEASING = YES;
				CLANG_WARN_BOOL_CONVERSION = YES;
				CLANG_WARN_COMMA = YES;
				CLANG_WARN_CONSTANT_CONVERSION = YES;
				CLANG_WARN_DEPRECATED_OBJC_IMPLEMENTATIONS = YES;
				CLANG_WARN_DIRECT_OBJC_ISA_USAGE = YES_ERROR;
				CLANG_WARN_DOCUMENTATION_COMMENTS = YES;
				CLANG_WARN_EMPTY_BODY = YES;
				CLANG_WARN_ENUM_CONVERSION = YES;
				CLANG_WARN_INFINITE_RECURSION = YES;
				CLANG_WARN_INT_CONVERSION = YES;
				CLANG_WARN_NON_LITERAL_NULL_CONVERSION = YES;
				CLANG_WARN_OBJC_IMPLICIT_RETAIN_SELF = YES;
				CLANG_WARN_OBJC_LITERAL_CONVERSION = YES;
				CLANG_WARN_OBJC_ROOT_CLASS = YES_ERROR;
				CLANG_WARN_QUOTED_INCLUDE_IN_FRAMEWORK_HEADER = YES;
				CLANG_WARN_RANGE_LOOP_ANALYSIS = YES;
				CLANG_WARN_STRICT_PROTOTYPES = YES;
				CLANG_WARN_SUSPICIOUS_MOVE = YES;
				CLANG_WARN_UNGUARDED_AVAILABILITY = YES_AGGRESSIVE;
				CLANG_WARN_UNREACHABLE_CODE = YES;
				CLANG_WARN__DUPLICATE_METHOD_MATCH = YES;
				COPY_PHASE_STRIP = NO;
				DEBUG_INFORMATION_FORMAT = "dwarf-with-dsym";
				ENABLE_NS_ASSERTIONS = NO;
				ENABLE_STRICT_OBJC_MSGSEND = YES;
				ENABLE_USER_SCRIPT_SANDBOXING = YES;
				GCC_C_LANGUAGE_STANDARD = gnu17;
				GCC_NO_COMMON_BLOCKS = YES;
				GCC_WARN_64_TO_32_BIT_CONVERSION = YES;
				GCC_WARN_ABOUT_RETURN_TYPE = YES_ERROR;
				GCC_WARN_UNDECLARED_SELECTOR = YES;
				GCC_WARN_UNINITIALIZED_AUTOS = YES_AGGRESSIVE;
				GCC_WARN_UNUSED_FUNCTION = YES;
				GCC_WARN_UNUSED_VARIABLE = YES;
				IPHONEOS_DEPLOYMENT_TARGET = 18.0;
				LOCALIZATION_PREFERS_STRING_CATALOGS = YES;
				MTL_ENABLE_DEBUG_INFO = NO;
				MTL_FAST_MATH = YES;
				SDKROOT = iphoneos;
				SWIFT_COMPILATION_MODE = wholemodule;
				SWIFT_EMIT_LOC_STRINGS = YES;
				VALIDATE_PRODUCT = YES;
			};
			name = Release;
		};
		3C57F4D32E6E963600B4A5AF /* Debug */ = {
			isa = XCBuildConfiguration;
			buildSettings = {
				ASSETCATALOG_COMPILER_APPICON_NAME = AppIcon;
				ASSETCATALOG_COMPILER_GLOBAL_ACCENT_COLOR_NAME = AccentColor;
				CODE_SIGN_STYLE = Automatic;
				CURRENT_PROJECT_VERSION = 1;
				DEVELOPMENT_ASSET_PATHS = "\"Gifts/Preview Content\"";
				DEVELOPMENT_TEAM = 23Y2MKBJ36;
				ENABLE_PREVIEWS = YES;
				GENERATE_INFOPLIST_FILE = YES;
				INFOPLIST_FILE = Gifts/Info.plist;
				INFOPLIST_KEY_UIApplicationSceneManifest_Generation = YES;
				INFOPLIST_KEY_UIApplicationSupportsIndirectInputEvents = YES;
				INFOPLIST_KEY_UILaunchScreen_Generation = YES;
				INFOPLIST_KEY_UISupportedInterfaceOrientations_iPad = "UIInterfaceOrientationPortrait UIInterfaceOrientationPortraitUpsideDown UIInterfaceOrientationLandscapeLeft UIInterfaceOrientationLandscapeRight";
				INFOPLIST_KEY_UISupportedInterfaceOrientations_iPhone = "UIInterfaceOrientationPortrait UIInterfaceOrientationLandscapeLeft UIInterfaceOrientationLandscapeRight";
				INFOPLIST_KEY_UIUserInterfaceStyle = Light;
				IPHONEOS_DEPLOYMENT_TARGET = 17.0;
				LD_RUNPATH_SEARCH_PATHS = (
					"$(inherited)",
					"@executable_path/Frameworks",
				);
				MARKETING_VERSION = 1.0;
				PRODUCT_BUNDLE_IDENTIFIER = com.az.Gifts;
				PRODUCT_NAME = "$(TARGET_NAME)";
				SWIFT_EMIT_LOC_STRINGS = YES;
				SWIFT_VERSION = 5.0;
				TARGETED_DEVICE_FAMILY = "1,2";
			};
			name = Debug;
		};
		3C57F4D42E6E963600B4A5AF /* Release */ = {
			isa = XCBuildConfiguration;
			buildSettings = {
				ASSETCATALOG_COMPILER_APPICON_NAME = AppIcon;
				ASSETCATALOG_COMPILER_GLOBAL_ACCENT_COLOR_NAME = AccentColor;
				CODE_SIGN_STYLE = Automatic;
				CURRENT_PROJECT_VERSION = 1;
				DEVELOPMENT_ASSET_PATHS = "\"Gifts/Preview Content\"";
				DEVELOPMENT_TEAM = 23Y2MKBJ36;
				ENABLE_PREVIEWS = YES;
				GENERATE_INFOPLIST_FILE = YES;
				INFOPLIST_FILE = Gifts/Info.plist;
				INFOPLIST_KEY_UIApplicationSceneManifest_Generation = YES;
				INFOPLIST_KEY_UIApplicationSupportsIndirectInputEvents = YES;
				INFOPLIST_KEY_UILaunchScreen_Generation = YES;
				INFOPLIST_KEY_UISupportedInterfaceOrientations_iPad = "UIInterfaceOrientationPortrait UIInterfaceOrientationPortraitUpsideDown UIInterfaceOrientationLandscapeLeft UIInterfaceOrientationLandscapeRight";
				INFOPLIST_KEY_UISupportedInterfaceOrientations_iPhone = "UIInterfaceOrientationPortrait UIInterfaceOrientationLandscapeLeft UIInterfaceOrientationLandscapeRight";
				INFOPLIST_KEY_UIUserInterfaceStyle = Light;
				IPHONEOS_DEPLOYMENT_TARGET = 17.0;
				LD_RUNPATH_SEARCH_PATHS = (
					"$(inherited)",
					"@executable_path/Frameworks",
				);
				MARKETING_VERSION = 1.0;
				PRODUCT_BUNDLE_IDENTIFIER = com.az.Gifts;
				PRODUCT_NAME = "$(TARGET_NAME)";
				SWIFT_EMIT_LOC_STRINGS = YES;
				SWIFT_VERSION = 5.0;
				TARGETED_DEVICE_FAMILY = "1,2";
			};
			name = Release;
		};
/* End XCBuildConfiguration section */

/* Begin XCConfigurationList section */
		3C57F4BF2E6E963300B4A5AF /* Build configuration list for PBXProject "Gifts" */ = {
			isa = XCConfigurationList;
			buildConfigurations = (
				3C57F4D02E6E963600B4A5AF /* Debug */,
				3C57F4D12E6E963600B4A5AF /* Release */,
			);
			defaultConfigurationIsVisible = 0;
			defaultConfigurationName = Release;
		};
		3C57F4D22E6E963600B4A5AF /* Build configuration list for PBXNativeTarget "Gifts" */ = {
			isa = XCConfigurationList;
			buildConfigurations = (
				3C57F4D32E6E963600B4A5AF /* Debug */,
				3C57F4D42E6E963600B4A5AF /* Release */,
			);
			defaultConfigurationIsVisible = 0;
			defaultConfigurationName = Release;
		};
/* End XCConfigurationList section */

/* Begin XCRemoteSwiftPackageReference section */
		3C41128F2E6E980F004B5A4F /* XCRemoteSwiftPackageReference "firebase-ios-sdk" */ = {
			isa = XCRemoteSwiftPackageReference;
			repositoryURL = "https://github.com/firebase/firebase-ios-sdk";
			requirement = {
				kind = upToNextMajorVersion;
				minimumVersion = 12.2.0;
			};
		};
		3C4112922E6E9C03004B5A4F /* XCRemoteSwiftPackageReference "GoogleSignIn-iOS" */ = {
			isa = XCRemoteSwiftPackageReference;
			repositoryURL = "https://github.com/google/GoogleSignIn-iOS.git";
			requirement = {
				kind = upToNextMajorVersion;
				minimumVersion = 9.0.0;
			};
		};
		3C41129E2E6E9D50004B5A4F /* XCRemoteSwiftPackageReference "swift-crypto" */ = {
			isa = XCRemoteSwiftPackageReference;
			repositoryURL = "https://github.com/apple/swift-crypto.git";
			requirement = {
				kind = upToNextMajorVersion;
				minimumVersion = 3.15.0;
			};
		};
/* End XCRemoteSwiftPackageReference section */

/* Begin XCSwiftPackageProductDependency section */
		3C4112902E6E980F004B5A4F /* FirebaseAuth */ = {
			isa = XCSwiftPackageProductDependency;
			package = 3C41128F2E6E980F004B5A4F /* XCRemoteSwiftPackageReference "firebase-ios-sdk" */;
			productName = FirebaseAuth;
		};
		3C4112932E6E9C03004B5A4F /* GoogleSignIn */ = {
			isa = XCSwiftPackageProductDependency;
			package = 3C4112922E6E9C03004B5A4F /* XCRemoteSwiftPackageReference "GoogleSignIn-iOS" */;
			productName = GoogleSignIn;
		};
		3C4112952E6E9C03004B5A4F /* GoogleSignInSwift */ = {
			isa = XCSwiftPackageProductDependency;
			package = 3C4112922E6E9C03004B5A4F /* XCRemoteSwiftPackageReference "GoogleSignIn-iOS" */;
			productName = GoogleSignInSwift;
		};
		3C41129F2E6E9D50004B5A4F /* Crypto */ = {
			isa = XCSwiftPackageProductDependency;
			package = 3C41129E2E6E9D50004B5A4F /* XCRemoteSwiftPackageReference "swift-crypto" */;
			productName = Crypto;
		};
		3C4112A12E6E9D50004B5A4F /* _CryptoExtras */ = {
			isa = XCSwiftPackageProductDependency;
			package = 3C41129E2E6E9D50004B5A4F /* XCRemoteSwiftPackageReference "swift-crypto" */;
			productName = _CryptoExtras;
		};
/* End XCSwiftPackageProductDependency section */
	};
	rootObject = 3C57F4BC2E6E963300B4A5AF /* Project object */;
}
